hash: 2b1acf4303ba06b224c9398daa0238a74ed679753c16b51b92020960faadb2c5
updated: 2019-07-28T12:23:36.091788+08:00
imports:
- name: github.com/go-sql-driver/mysql
  version: 72cd26f257d44c1114970e19afddcd812016007e
- name: gopkg.in/yaml.v2
  version: 51d6538a90f86fe93ac480b35f37b2be17fef232
testImports: []
