hash: fd42fceea8a04373bfe1b21a41c0d319751486f7da8ecc23305cc58118a2ab5f
updated: 2021-02-15T10:39:00.096067+08:00
imports:
- name: github.com/Azure/go-ntlmssp
  version: 66371956d46c8e2133a2b72b3d320e435465011f
- name: github.com/go-asn1-ber/asn1-ber
  version: 764995b23dcfc04729c7d9a9d7a9988b0e154b30
- name: github.com/go-ldap/ldap
  version: e07632fbb81f37950ed2ed600251df863d63e78e
  subpackages:
  - v3
- name: github.com/go-sql-driver/mysql
  version: 72cd26f257d44c1114970e19afddcd812016007e
- name: github.com/julienschmidt/httprouter
  version: 26a05976f9bf5c3aa992cc20e8588c359418ee58
- name: golang.org/x/crypto
  version: eec23a3978adcfd26c29f4153eaa3e3d9b2cc53a
  subpackages:
  - md4
- name: google.golang.org/appengine
  version: fb139bde60fa77cede04f226b4d5a3cf68dcce27
  subpackages:
  - cloudsql
- name: gopkg.in/yaml.v2
  version: 53403b58ad1b561927d19068c655246f2db79d48
testImports: []
